
Microsoft Visual Studio Solution File, Format Version 12.00
# Visual Studio Version 16
VisualStudioVersion = 16.0.31729.503
MinimumVisualStudioVersion = 10.0.40219.1
Project("{9A19103F-16F7-4668-BE54-9A1E7A4F7556}") = "CodingChallenges.Data", "CodingChallenges.Data\CodingChallenges.Data.csproj", "{9231728D-5DCF-4A8A-BE89-1EB66050916A}"
EndProject
Project("{9A19103F-16F7-4668-BE54-9A1E7A4F7556}") = "CodingChallenges.Tests", "CodingChallenges.Tests\CodingChallenges.Tests.csproj", "{D50A82C1-6B26-493F-9A39-60EE32FC4255}"
EndProject
Global
	GlobalSection(SolutionConfigurationPlatforms) = preSolution
		Debug|Any CPU = Debug|Any CPU
		Release|Any CPU = Release|Any CPU
	EndGlobalSection
	GlobalSection(ProjectConfigurationPlatforms) = postSolution
		{9231728D-5DCF-4A8A-BE89-1EB66050916A}.Debug|Any CPU.ActiveCfg = Debug|Any CPU
		{9231728D-5DCF-4A8A-BE89-1EB66050916A}.Debug|Any CPU.Build.0 = Debug|Any CPU
		{9231728D-5DCF-4A8A-BE89-1EB66050916A}.Release|Any CPU.ActiveCfg = Release|Any CPU
		{9231728D-5DCF-4A8A-BE89-1EB66050916A}.Release|Any CPU.Build.0 = Release|Any CPU
		{D50A82C1-6B26-493F-9A39-60EE32FC4255}.Debug|Any CPU.ActiveCfg = Debug|Any CPU
		{D50A82C1-6B26-493F-9A39-60EE32FC4255}.Debug|Any CPU.Build.0 = Debug|Any CPU
		{D50A82C1-6B26-493F-9A39-60EE32FC4255}.Release|Any CPU.ActiveCfg = Release|Any CPU
		{D50A82C1-6B26-493F-9A39-60EE32FC4255}.Release|Any CPU.Build.0 = Release|Any CPU
	EndGlobalSection
	GlobalSection(SolutionProperties) = preSolution
		HideSolutionNode = FALSE
	EndGlobalSection
	GlobalSection(ExtensibilityGlobals) = postSolution
		SolutionGuid = {F2944204-079D-45C9-A94C-EA7F3663C9B7}
	EndGlobalSection
EndGlobal
